{
  "nodes": {
    "betterfox": {
      "flake": false,
      "locked": {
        "lastModified": 1774552373,
        "narHash": "sha256-B9JG4GhjMguTUukinSrJWmEWmjU1EJ1UzlfQ9q+NTp8=",
        "owner": "yokoffing",
        "repo": "Betterfox",
        "rev": "fd29d4d313eda7a93f45f2f66bb0e87ff35d1a72",
        "type": "github"
      },
      "original": {
        "owner": "yokoffing",
        "repo": "Betterfox",
        "type": "github"
      }
    },
    "doom-config": {
      "flake": false,
      "locked": {
        "lastModified": 1760317357,
        "narHash": "sha256-WfDg2DfdpQciesxrnkK+q9h8v1Zod+QEWXv9jQXDFzA=",
        "owner": "Sly-Harvey",
        "repo": "doom",
        "rev": "313f68746f68c6302b682203c95b0dc57fb78ba3",
        "type": "github"
      },
      "original": {
        "owner": "Sly-Harvey",
        "repo": "doom",
        "type": "github"
      }
    },
    "doomemacs": {
      "flake": false,
      "locked": {
        "lastModified": 1775183900,
        "narHash": "sha256-2TK9bCb6nSj+iCMI3wGva3n9Egbn76AOnu+Dwrmb2wM=",
        "owner": "doomemacs",
        "repo": "doomemacs",
        "rev": "297b8d5788fdf6a1bae68d75937b01ba01f958f4",
        "type": "github"
      },
      "original": {
        "owner": "doomemacs",
        "repo": "doomemacs",
        "type": "github"
      }
    },
    "emacs-overlay": {
      "inputs": {
        "nixpkgs": [
          "nix-doom-emacs-unstraightened"
        ],
        "nixpkgs-stable": [
          "nix-doom-emacs-unstraightened"
        ]
      },
      "locked": {
        "lastModified": 1775206533,
        "narHash": "sha256-rIsZJemVvgdUAfq6/+qIut7BYJe0Hkm6Lsi7yCG/16s=",
        "owner": "nix-community",
        "repo": "emacs-overlay",
        "rev": "1352ba406242e7e8beb93ec8b99787bb8edbed04",
        "type": "github"
      },
      "original": {
        "owner": "nix-community",
        "repo": "emacs-overlay",
        "type": "github"
      }
    },
    "flake-parts": {
      "inputs": {
        "nixpkgs-lib": "nixpkgs-lib"
      },
      "locked": {
        "lastModified": 1769996383,
        "narHash": "sha256-AnYjnFWgS49RlqX7LrC4uA+sCCDBj0Ry/WOJ5XWAsa0=",
        "owner": "hercules-ci",
        "repo": "flake-parts",
        "rev": "57928607ea566b5db3ad13af0e57e921e6b12381",
        "type": "github"
      },
      "original": {
        "owner": "hercules-ci",
        "repo": "flake-parts",
        "type": "github"
      }
    },
    "flake-parts_2": {
      "inputs": {
        "nixpkgs-lib": [
          "nixvim",
          "nixvim",
          "nixpkgs"
        ]
      },
      "locked": {
        "lastModified": 1769996383,
        "narHash": "sha256-AnYjnFWgS49RlqX7LrC4uA+sCCDBj0Ry/WOJ5XWAsa0=",
        "owner": "hercules-ci",
        "repo": "flake-parts",
        "rev": "57928607ea566b5db3ad13af0e57e921e6b12381",
        "type": "github"
      },
      "original": {
        "owner": "hercules-ci",
        "repo": "flake-parts",
        "type": "github"
      }
    },
    "flake-parts_3": {
      "inputs": {
        "nixpkgs-lib": [
          "nur",
          "nixpkgs"
        ]
      },
      "locked": {
        "lastModified": 1733312601,
        "narHash": "sha256-4pDvzqnegAfRkPwO3wmwBhVi/Sye1mzps0zHWYnP88c=",
        "owner": "hercules-ci",
        "repo": "flake-parts",
        "rev": "205b12d8b7cd4802fbcb8e8ef6a0f1408781a4f9",
        "type": "github"
      },
      "original": {
        "owner": "hercules-ci",
        "repo": "flake-parts",
        "type": "github"
      }
    },
    "flake-utils": {
      "inputs": {
        "systems": "systems_4"
      },
      "locked": {
        "lastModified": 1731533236,
        "narHash": "sha256-l0KFg5HjrsfsO/JpG+r7fRrqm12kzFHyUHqHCVpMMbI=",
        "owner": "numtide",
        "repo": "flake-utils",
        "rev": "11707dc2f618dd54ca8739b309ec4fc024de578b",
        "type": "github"
      },
      "original": {
        "owner": "numtide",
        "repo": "flake-utils",
        "type": "github"
      }
    },
    "home-manager": {
      "inputs": {
        "nixpkgs": [
          "nixpkgs"
        ]
      },
      "locked": {
        "lastModified": 1775268934,
        "narHash": "sha256-Sa5tW5kYPJornQEkFVD43F/0d4/WP+/GLTNktTFe2qU=",
        "owner": "nix-community",
        "repo": "home-manager",
        "rev": "9dc93220c1c9a410ef6277d6dc55c571d9e592d0",
        "type": "github"
      },
      "original": {
        "owner": "nix-community",
        "repo": "home-manager",
        "type": "github"
      }
    },
    "neovim": {
      "flake": false,
      "locked": {
        "lastModified": 1756715888,
        "narHash": "sha256-0o1h27/xj+9u/noN4lsmQVk+YYFFUmdfmjwkqdWM650=",
        "owner": "Sly-Harvey",
        "repo": "nvim",
        "rev": "978d468def66f1626474cee1dbecfe463de82f3f",
        "type": "github"
      },
      "original": {
        "owner": "Sly-Harvey",
        "repo": "nvim",
        "type": "github"
      }
    },
    "nix-doom-emacs-unstraightened": {
      "inputs": {
        "doomemacs": "doomemacs",
        "emacs-overlay": "emacs-overlay",
        "nixpkgs": [],
        "systems": "systems"
      },
      "locked": {
        "lastModified": 1775298566,
        "narHash": "sha256-t6qlVfs/qqrYiu6x+/29tgDXfp0p3Ex3kdUJgPgaFi8=",
        "owner": "marienz",
        "repo": "nix-doom-emacs-unstraightened",
        "rev": "1f3053c433c0d1396146efcecb8e3ae0dcbeb058",
        "type": "github"
      },
      "original": {
        "owner": "marienz",
        "repo": "nix-doom-emacs-unstraightened",
        "type": "github"
      }
    },
    "nix-flatpak": {
      "locked": {
        "lastModified": 1767983141,
        "narHash": "sha256-7ZCulYUD9RmJIDULTRkGLSW1faMpDlPKcbWJLYHoXcs=",
        "owner": "gmodena",
        "repo": "nix-flatpak",
        "rev": "440818969ac2cbd77bfe025e884d0aa528991374",
        "type": "github"
      },
      "original": {
        "owner": "gmodena",
        "ref": "latest",
        "repo": "nix-flatpak",
        "type": "github"
      }
    },
    "nix-index-database": {
      "inputs": {
        "nixpkgs": [
          "nixpkgs"
        ]
      },
      "locked": {
        "lastModified": 1774762074,
        "narHash": "sha256-89Mh4Eb/5stVJX6kGagVMijcU2FmfeD8Qv7UXc5d92o=",
        "owner": "nix-community",
        "repo": "nix-index-database",
        "rev": "bc13aeaed568be76eab84df88ff39261bb52ff70",
        "type": "github"
      },
      "original": {
        "owner": "nix-community",
        "repo": "nix-index-database",
        "type": "github"
      }
    },
    "nixpkgs": {
      "locked": {
        "lastModified": 1775036866,
        "narHash": "sha256-ZojAnPuCdy657PbTq5V0Y+AHKhZAIwSIT2cb8UgAz/U=",
        "owner": "nixos",
        "repo": "nixpkgs",
        "rev": "6201e203d09599479a3b3450ed24fa81537ebc4e",
        "type": "github"
      },
      "original": {
        "owner": "nixos",
        "ref": "nixos-unstable",
        "repo": "nixpkgs",
        "type": "github"
      }
    },
    "nixpkgs-lib": {
      "locked": {
        "lastModified": 1769909678,
        "narHash": "sha256-cBEymOf4/o3FD5AZnzC3J9hLbiZ+QDT/KDuyHXVJOpM=",
        "owner": "nix-community",
        "repo": "nixpkgs.lib",
        "rev": "72716169fe93074c333e8d0173151350670b824c",
        "type": "github"
      },
      "original": {
        "owner": "nix-community",
        "repo": "nixpkgs.lib",
        "type": "github"
      }
    },
    "nixpkgs-stable": {
      "locked": {
        "lastModified": 1775002709,
        "narHash": "sha256-d3Yx83vSrN+2z/loBh4mJpyRqr9aAJqlke4TkpFmRJA=",
        "owner": "nixos",
        "repo": "nixpkgs",
        "rev": "bcd464ccd2a1a7cd09aa2f8d4ffba83b761b1d0e",
        "type": "github"
      },
      "original": {
        "owner": "nixos",
        "ref": "nixos-25.11",
        "repo": "nixpkgs",
        "type": "github"
      }
    },
    "nixpkgs_2": {
      "locked": {
        "lastModified": 1770380644,
        "narHash": "sha256-P7dWMHRUWG5m4G+06jDyThXO7kwSk46C1kgjEWcybkE=",
        "owner": "NixOS",
        "repo": "nixpkgs",
        "rev": "ae67888ff7ef9dff69b3cf0cc0fbfbcd3a722abe",
        "type": "github"
      },
      "original": {
        "owner": "NixOS",
        "ref": "nixpkgs-unstable",
        "repo": "nixpkgs",
        "type": "github"
      }
    },
    "nixpkgs_3": {
      "locked": {
        "lastModified": 1775036866,
        "narHash": "sha256-ZojAnPuCdy657PbTq5V0Y+AHKhZAIwSIT2cb8UgAz/U=",
        "owner": "nixos",
        "repo": "nixpkgs",
        "rev": "6201e203d09599479a3b3450ed24fa81537ebc4e",
        "type": "github"
      },
      "original": {
        "owner": "nixos",
        "ref": "nixos-unstable",
        "repo": "nixpkgs",
        "type": "github"
      }
    },
    "nixvim": {
      "inputs": {
        "flake-parts": "flake-parts",
        "nixpkgs": [
          "nixpkgs"
        ],
        "nixvim": "nixvim_2"
      },
      "locked": {
        "lastModified": 1774760511,
        "narHash": "sha256-EImIBeXthpEdXsbJWlJ6ZocBm7y1g0gq4ZHxISPNqHk=",
        "owner": "sijanthapa171",
        "repo": "nixvim",
        "rev": "679217713c7906c447b1257e52a078b92b25b521",
        "type": "github"
      },
      "original": {
        "owner": "sijanthapa171",
        "repo": "nixvim",
        "type": "github"
      }
    },
    "nixvim_2": {
      "inputs": {
        "flake-parts": "flake-parts_2",
        "nixpkgs": "nixpkgs_2",
        "systems": "systems_2"
      },
      "locked": {
        "lastModified": 1770630823,
        "narHash": "sha256-5SEmOnJ61vmbap39vzWEsCX5UQ+3Ul8J4mXWKdqSn3w=",
        "owner": "nix-community",
        "repo": "nixvim",
        "rev": "6acc964664ac916c64fe4e394edd467af4d90790",
        "type": "github"
      },
      "original": {
        "owner": "nix-community",
        "repo": "nixvim",
        "type": "github"
      }
    },
    "noctalia": {
      "inputs": {
        "nixpkgs": [
          "nixpkgs"
        ],
        "noctalia-qs": [
          "noctalia-qs"
        ]
      },
      "locked": {
        "lastModified": 1775301509,
        "narHash": "sha256-61TwMynfcQR6Cg4z9Ifyg4jDem5fAvr0MlBszLa4rB4=",
        "owner": "noctalia-dev",
        "repo": "noctalia-shell",
        "rev": "4b9a6071510da6b5e8f304ffd1ea21dfdd98d5bd",
        "type": "github"
      },
      "original": {
        "owner": "noctalia-dev",
        "repo": "noctalia-shell",
        "type": "github"
      }
    },
    "noctalia-qs": {
      "inputs": {
        "nixpkgs": [
          "nixpkgs"
        ],
        "systems": "systems_3",
        "treefmt-nix": "treefmt-nix"
      },
      "locked": {
        "lastModified": 1775135550,
        "narHash": "sha256-79JP2QTdvp1jg7HGxAW+xzhzhLnlKUi8yGXq9nDCeH0=",
        "owner": "noctalia-dev",
        "repo": "noctalia-qs",
        "rev": "e7224b756dcd10eec040df818a4c7a0fda5d6eff",
        "type": "github"
      },
      "original": {
        "owner": "noctalia-dev",
        "repo": "noctalia-qs",
        "type": "github"
      }
    },
    "nur": {
      "inputs": {
        "flake-parts": "flake-parts_3",
        "nixpkgs": "nixpkgs_3"
      },
      "locked": {
        "lastModified": 1775308830,
        "narHash": "sha256-aET9o83LHRK7XEiHV7wwDxUHL1O57cxfcMqNgmKb7Zw=",
        "owner": "nix-community",
        "repo": "NUR",
        "rev": "d4f79ae68101969d8f9129646b4ac06b8cc9bb71",
        "type": "github"
      },
      "original": {
        "owner": "nix-community",
        "repo": "NUR",
        "type": "github"
      }
    },
    "nvchad-starter": {
      "flake": false,
      "locked": {
        "lastModified": 1753939018,
        "narHash": "sha256-xdLr6tlU9uA+wu0pqha2br0fdVm+1MjgjbB5awz9ICU=",
        "owner": "NvChad",
        "repo": "starter",
        "rev": "e3572e1f5e1c297212c3deeb17b7863139ce663e",
        "type": "github"
      },
      "original": {
        "owner": "NvChad",
        "ref": "main",
        "repo": "starter",
        "type": "github"
      }
    },
    "nvchad4nix": {
      "inputs": {
        "flake-utils": "flake-utils",
        "nixpkgs": [
          "nixpkgs"
        ],
        "nvchad-starter": "nvchad-starter"
      },
      "locked": {
        "lastModified": 1775198450,
        "narHash": "sha256-Y7RT+WDg6r0zr+CahVirRvo7uhH1XakrfAwyJp36PFM=",
        "owner": "nix-community",
        "repo": "nix4nvchad",
        "rev": "0331d4836a4cbc339281d704d57f7ceeef6b7f67",
        "type": "github"
      },
      "original": {
        "owner": "nix-community",
        "repo": "nix4nvchad",
        "type": "github"
      }
    },
    "plasma-manager": {
      "inputs": {
        "home-manager": [
          "home-manager"
        ],
        "nixpkgs": [
          "nixpkgs"
        ]
      },
      "locked": {
        "lastModified": 1774915545,
        "narHash": "sha256-COT4l/+ZddGBvrDVfPf7MEOJxV8EDKame6/aRnNIKcY=",
        "owner": "nix-community",
        "repo": "plasma-manager",
        "rev": "f3177b3c69fb3f03201098d7fe8ab6422cce7fc1",
        "type": "github"
      },
      "original": {
        "owner": "nix-community",
        "repo": "plasma-manager",
        "type": "github"
      }
    },
    "root": {
      "inputs": {
        "betterfox": "betterfox",
        "doom-config": "doom-config",
        "home-manager": "home-manager",
        "neovim": "neovim",
        "nix-doom-emacs-unstraightened": "nix-doom-emacs-unstraightened",
        "nix-flatpak": "nix-flatpak",
        "nix-index-database": "nix-index-database",
        "nixpkgs": "nixpkgs",
        "nixpkgs-stable": "nixpkgs-stable",
        "nixvim": "nixvim",
        "noctalia": "noctalia",
        "noctalia-qs": "noctalia-qs",
        "nur": "nur",
        "nvchad4nix": "nvchad4nix",
        "plasma-manager": "plasma-manager",
        "spicetify-nix": "spicetify-nix",
        "thunderbird-catppuccin": "thunderbird-catppuccin",
        "zen-browser": "zen-browser"
      }
    },
    "spicetify-nix": {
      "inputs": {
        "nixpkgs": [
          "nixpkgs"
        ],
        "systems": "systems_5"
      },
      "locked": {
        "lastModified": 1774790928,
        "narHash": "sha256-/JO77td8AOH45kg9IJl2DXDwbhn+cyQxYbCMu4Ae1CA=",
        "owner": "Gerg-L",
        "repo": "spicetify-nix",
        "rev": "2bfdf55faf76fed12950b17d4af501e5a463607f",
        "type": "github"
      },
      "original": {
        "owner": "Gerg-L",
        "repo": "spicetify-nix",
        "type": "github"
      }
    },
    "systems": {
      "locked": {
        "lastModified": 1681028828,
        "narHash": "sha256-Vy1rq5AaRuLzOxct8nz4T6wlgyUR7zLU309k9mBC768=",
        "owner": "nix-systems",
        "repo": "default",
        "rev": "da67096a3b9bf56a91d16901293e51ba5b49a27e",
        "type": "github"
      },
      "original": {
        "owner": "nix-systems",
        "repo": "default",
        "type": "github"
      }
    },
    "systems_2": {
      "locked": {
        "lastModified": 1681028828,
        "narHash": "sha256-Vy1rq5AaRuLzOxct8nz4T6wlgyUR7zLU309k9mBC768=",
        "owner": "nix-systems",
        "repo": "default",
        "rev": "da67096a3b9bf56a91d16901293e51ba5b49a27e",
        "type": "github"
      },
      "original": {
        "owner": "nix-systems",
        "repo": "default",
        "type": "github"
      }
    },
    "systems_3": {
      "locked": {
        "lastModified": 1689347949,
        "narHash": "sha256-12tWmuL2zgBgZkdoB6qXZsgJEH9LR3oUgpaQq2RbI80=",
        "owner": "nix-systems",
        "repo": "default-linux",
        "rev": "31732fcf5e8fea42e59c2488ad31a0e651500f68",
        "type": "github"
      },
      "original": {
        "owner": "nix-systems",
        "repo": "default-linux",
        "type": "github"
      }
    },
    "systems_4": {
      "locked": {
        "lastModified": 1681028828,
        "narHash": "sha256-Vy1rq5AaRuLzOxct8nz4T6wlgyUR7zLU309k9mBC768=",
        "owner": "nix-systems",
        "repo": "default",
        "rev": "da67096a3b9bf56a91d16901293e51ba5b49a27e",
        "type": "github"
      },
      "original": {
        "owner": "nix-systems",
        "repo": "default",
        "type": "github"
      }
    },
    "systems_5": {
      "locked": {
        "lastModified": 1681028828,
        "narHash": "sha256-Vy1rq5AaRuLzOxct8nz4T6wlgyUR7zLU309k9mBC768=",
        "owner": "nix-systems",
        "repo": "default",
        "rev": "da67096a3b9bf56a91d16901293e51ba5b49a27e",
        "type": "github"
      },
      "original": {
        "owner": "nix-systems",
        "repo": "default",
        "type": "github"
      }
    },
    "thunderbird-catppuccin": {
      "flake": false,
      "locked": {
        "lastModified": 1730465032,
        "narHash": "sha256-07gT37m1+OhRTbUk51l0Nhx+I+tl1il5ayx2ow23APY=",
        "owner": "catppuccin",
        "repo": "thunderbird",
        "rev": "0289f3bd9566f9666682f66a3355155c0d0563fc",
        "type": "github"
      },
      "original": {
        "owner": "catppuccin",
        "repo": "thunderbird",
        "type": "github"
      }
    },
    "treefmt-nix": {
      "inputs": {
        "nixpkgs": [
          "noctalia-qs",
          "nixpkgs"
        ]
      },
      "locked": {
        "lastModified": 1773297127,
        "narHash": "sha256-6E/yhXP7Oy/NbXtf1ktzmU8SdVqJQ09HC/48ebEGBpk=",
        "owner": "numtide",
        "repo": "treefmt-nix",
        "rev": "71b125cd05fbfd78cab3e070b73544abe24c5016",
        "type": "github"
      },
      "original": {
        "owner": "numtide",
        "repo": "treefmt-nix",
        "type": "github"
      }
    },
    "zen-browser": {
      "inputs": {
        "home-manager": [
          "home-manager"
        ],
        "nixpkgs": [
          "nixpkgs"
        ]
      },
      "locked": {
        "lastModified": 1775278263,
        "narHash": "sha256-BgkUmlOuFaaZQCnlhXkQ3/Fng65aq00tJQkpoeTn7Mw=",
        "owner": "0xc000022070",
        "repo": "zen-browser-flake",
        "rev": "bb051d7a0f04356d42528bbb65dc014adf2dab66",
        "type": "github"
      },
      "original": {
        "owner": "0xc000022070",
        "repo": "zen-browser-flake",
        "type": "github"
      }
    }
  },
  "root": "root",
  "version": 7
}
